// !$*UTF8*$!
{
	archiveVersion = 1;
	classes = {
	};
	objectVersion = 56;
	objects = {

/* Begin PBXBuildFile section */
		4EEF3B382C0B6AF3006FEC9D /* PokerSettlerApp.swift in Sources */ = {isa = PBXBuildFile; fileRef = 4EEF3B372C0B6AF3006FEC9D /* PokerSettlerApp.swift */; };
		4EEF3B3A2C0B6AF3006FEC9D /* ContentView.swift in Sources */ = {isa = PBXBuildFile; fileRef = 4EEF3B392C0B6AF3006FEC9D /* ContentView.swift */; };
		4EEF3B3C2C0B6AF4006FEC9D /* Assets.xcassets in Resources */ = {isa = PBXBuildFile; fileRef = 4EEF3B3B2C0B6AF4006FEC9D /* Assets.xcassets */; };
		4EEF3B3F2C0B6AF4006FEC9D /* Preview Assets.xcassets in Resources */ = {isa = PBXBuildFile; fileRef = 4EEF3B3E2C0B6AF4006FEC9D /* Preview Assets.xcassets */; };
		4EEF3B492C0B6AF5006FEC9D /* PokerSettlerTests.swift in Sources */ = {isa = PBXBuildFile; fileRef = 4EEF3B482C0B6AF5006FEC9D /* PokerSettlerTests.swift */; };
		4EEF3B532C0B6AF5006FEC9D /* PokerSettlerUITests.swift in Sources */ = {isa = PBXBuildFile; fileRef = 4EEF3B522C0B6AF5006FEC9D /* PokerSettlerUITests.swift */; };
		4EEF3B552C0B6AF5006FEC9D /* PokerSettlerUITestsLaunchTests.swift in Sources */ = {isa = PBXBuildFile; fileRef = 4EEF3B542C0B6AF5006FEC9D /* PokerSettlerUITestsLaunchTests.swift */; };
		4EEF3B622C0B724C006FEC9D /* GameSetupView.swift in Sources */ = {isa = PBXBuildFile; fileRef = 4EEF3B612C0B724C006FEC9D /* GameSetupView.swift */; };
		4EEF3B642C0B726D006FEC9D /* PlayerManagementView.swift in Sources */ = {isa = PBXBuildFile; fileRef = 4EEF3B632C0B726D006FEC9D /* PlayerManagementView.swift */; };
		4EEF3B662C0B728A006FEC9D /* CalculationView.swift in Sources */ = {isa = PBXBuildFile; fileRef = 4EEF3B652C0B728A006FEC9D /* CalculationView.swift */; };
		4EEF3B682C0B72AE006FEC9D /* SocialSharingView.swift in Sources */ = {isa = PBXBuildFile; fileRef = 4EEF3B672C0B72AE006FEC9D /* SocialSharingView.swift */; };
		4EEF3B6A2C0B72CF006FEC9D /* Player.swift in Sources */ = {isa = PBXBuildFile; fileRef = 4EEF3B692C0B72CF006FEC9D /* Player.swift */; };
		4EEF3B6C2C0B72E3006FEC9D /* ChipValue.swift in Sources */ = {isa = PBXBuildFile; fileRef = 4EEF3B6B2C0B72E3006FEC9D /* ChipValue.swift */; };
/* End PBXBuildFile section */

/* Begin PBXContainerItemProxy section */
		4EEF3B452C0B6AF5006FEC9D /* PBXContainerItemProxy */ = {
			isa = PBXContainerItemProxy;
			containerPortal = 4EEF3B2C2C0B6AF3006FEC9D /* Project object */;
			proxyType = 1;
			remoteGlobalIDString = 4EEF3B332C0B6AF3006FEC9D;
			remoteInfo = PokerSettler;
		};
		4EEF3B4F2C0B6AF5006FEC9D /* PBXContainerItemProxy */ = {
			isa = PBXContainerItemProxy;
			containerPortal = 4EEF3B2C2C0B6AF3006FEC9D /* Project object */;
			proxyType = 1;
			remoteGlobalIDString = 4EEF3B332C0B6AF3006FEC9D;
			remoteInfo = PokerSettler;
		};
/* End PBXContainerItemProxy section */

/* Begin PBXFileReference section */
		4EEF3B342C0B6AF3006FEC9D /* PokerSettler.app */ = {isa = PBXFileReference; explicitFileType = wrapper.application; includeInIndex = 0; path = PokerSettler.app; sourceTree = BUILT_PRODUCTS_DIR; };
		4EEF3B372C0B6AF3006FEC9D /* PokerSettlerApp.swift */ = {isa = PBXFileReference; lastKnownFileType = sourcecode.swift; path = PokerSettlerApp.swift; sourceTree = "<group>"; };
		4EEF3B392C0B6AF3006FEC9D /* ContentView.swift */ = {isa = PBXFileReference; lastKnownFileType = sourcecode.swift; path = ContentView.swift; sourceTree = "<group>"; };
		4EEF3B3B2C0B6AF4006FEC9D /* Assets.xcassets */ = {isa = PBXFileReference; lastKnownFileType = folder.assetcatalog; path = Assets.xcassets; sourceTree = "<group>"; };
		4EEF3B3E2C0B6AF4006FEC9D /* Preview Assets.xcassets */ = {isa = PBXFileReference; lastKnownFileType = folder.assetcatalog; path = "Preview Assets.xcassets"; sourceTree = "<group>"; };
		4EEF3B442C0B6AF5006FEC9D /* PokerSettlerTests.xctest */ = {isa = PBXFileReference; explicitFileType = wrapper.cfbundle; includeInIndex = 0; path = PokerSettlerTests.xctest; sourceTree = BUILT_PRODUCTS_DIR; };
		4EEF3B482C0B6AF5006FEC9D /* PokerSettlerTests.swift */ = {isa = PBXFileReference; lastKnownFileType = sourcecode.swift; path = PokerSettlerTests.swift; sourceTree = "<group>"; };
		4EEF3B4E2C0B6AF5006FEC9D /* PokerSettlerUITests.xctest */ = {isa = PBXFileReference; explicitFileType = wrapper.cfbundle; includeInIndex = 0; path = PokerSettlerUITests.xctest; sourceTree = BUILT_PRODUCTS_DIR; };
		4EEF3B522C0B6AF5006FEC9D /* PokerSettlerUITests.swift */ = {isa = PBXFileReference; lastKnownFileType = sourcecode.swift; path = PokerSettlerUITests.swift; sourceTree = "<group>"; };
		4EEF3B542C0B6AF5006FEC9D /* PokerSettlerUITestsLaunchTests.swift */ = {isa = PBXFileReference; lastKnownFileType = sourcecode.swift; path = PokerSettlerUITestsLaunchTests.swift; sourceTree = "<group>"; };
		4EEF3B612C0B724C006FEC9D /* GameSetupView.swift */ = {isa = PBXFileReference; lastKnownFileType = sourcecode.swift; path = GameSetupView.swift; sourceTree = "<group>"; };
		4EEF3B632C0B726D006FEC9D /* PlayerManagementView.swift */ = {isa = PBXFileReference; lastKnownFileType = sourcecode.swift; path = PlayerManagementView.swift; sourceTree = "<group>"; };
		4EEF3B652C0B728A006FEC9D /* CalculationView.swift */ = {isa = PBXFileReference; lastKnownFileType = sourcecode.swift; path = CalculationView.swift; sourceTree = "<group>"; };
		4EEF3B672C0B72AE006FEC9D /* SocialSharingView.swift */ = {isa = PBXFileReference; lastKnownFileType = sourcecode.swift; path = SocialSharingView.swift; sourceTree = "<group>"; };
		4EEF3B692C0B72CF006FEC9D /* Player.swift */ = {isa = PBXFileReference; lastKnownFileType = sourcecode.swift; path = Player.swift; sourceTree = "<group>"; };
		4EEF3B6B2C0B72E3006FEC9D /* ChipValue.swift */ = {isa = PBXFileReference; lastKnownFileType = sourcecode.swift; path = ChipValue.swift; sourceTree = "<group>"; };
/* End PBXFileReference section */

/* Begin PBXFrameworksBuildPhase section */
		4EEF3B312C0B6AF3006FEC9D /* Frameworks */ = {
			isa = PBXFrameworksBuildPhase;
			buildActionMask = 2147483647;
			files = (
			);
			runOnlyForDeploymentPostprocessing = 0;
		};
		4EEF3B412C0B6AF4006FEC9D /* Frameworks */ = {
			isa = PBXFrameworksBuildPhase;
			buildActionMask = 2147483647;
			files = (
			);
			runOnlyForDeploymentPostprocessing = 0;
		};
		4EEF3B4B2C0B6AF5006FEC9D /* Frameworks */ = {
			isa = PBXFrameworksBuildPhase;
			buildActionMask = 2147483647;
			files = (
			);
			runOnlyForDeploymentPostprocessing = 0;
		};
/* End PBXFrameworksBuildPhase section */

/* Begin PBXGroup section */
		4EEF3B2B2C0B6AF3006FEC9D = {
			isa = PBXGroup;
			children = (
				4EEF3B362C0B6AF3006FEC9D /* PokerSettler */,
				4EEF3B472C0B6AF5006FEC9D /* PokerSettlerTests */,
				4EEF3B512C0B6AF5006FEC9D /* PokerSettlerUITests */,
				4EEF3B352C0B6AF3006FEC9D /* Products */,
			);
			sourceTree = "<group>";
		};
		4EEF3B352C0B6AF3006FEC9D /* Products */ = {
			isa = PBXGroup;
			children = (
				4EEF3B342C0B6AF3006FEC9D /* PokerSettler.app */,
				4EEF3B442C0B6AF5006FEC9D /* PokerSettlerTests.xctest */,
				4EEF3B4E2C0B6AF5006FEC9D /* PokerSettlerUITests.xctest */,
			);
			name = Products;
			sourceTree = "<group>";
		};
		4EEF3B362C0B6AF3006FEC9D /* PokerSettler */ = {
			isa = PBXGroup;
			children = (
				4EEF3B372C0B6AF3006FEC9D /* PokerSettlerApp.swift */,
				4EEF3B392C0B6AF3006FEC9D /* ContentView.swift */,
				4EEF3B612C0B724C006FEC9D /* GameSetupView.swift */,
				4EEF3B632C0B726D006FEC9D /* PlayerManagementView.swift */,
				4EEF3B3B2C0B6AF4006FEC9D /* Assets.xcassets */,
				4EEF3B3D2C0B6AF4006FEC9D /* Preview Content */,
				4EEF3B652C0B728A006FEC9D /* CalculationView.swift */,
				4EEF3B672C0B72AE006FEC9D /* SocialSharingView.swift */,
				4EEF3B692C0B72CF006FEC9D /* Player.swift */,
				4EEF3B6B2C0B72E3006FEC9D /* ChipValue.swift */,
			);
			path = PokerSettler;
			sourceTree = "<group>";
		};
		4EEF3B3D2C0B6AF4006FEC9D /* Preview Content */ = {
			isa = PBXGroup;
			children = (
				4EEF3B3E2C0B6AF4006FEC9D /* Preview Assets.xcassets */,
			);
			path = "Preview Content";
			sourceTree = "<group>";
		};
		4EEF3B472C0B6AF5006FEC9D /* PokerSettlerTests */ = {
			isa = PBXGroup;
			children = (
				4EEF3B482C0B6AF5006FEC9D /* PokerSettlerTests.swift */,
			);
			path = PokerSettlerTests;
			sourceTree = "<group>";
		};
		4EEF3B512C0B6AF5006FEC9D /* PokerSettlerUITests */ = {
			isa = PBXGroup;
			children = (
				4EEF3B522C0B6AF5006FEC9D /* PokerSettlerUITests.swift */,
				4EEF3B542C0B6AF5006FEC9D /* PokerSettlerUITestsLaunchTests.swift */,
			);
			path = PokerSettlerUITests;
			sourceTree = "<group>";
		};
/* End PBXGroup section */

/* Begin PBXNativeTarget section */
		4EEF3B332C0B6AF3006FEC9D /* PokerSettler */ = {
			isa = PBXNativeTarget;
			buildConfigurationList = 4EEF3B582C0B6AF5006FEC9D /* Build configuration list for PBXNativeTarget "PokerSettler" */;
			buildPhases = (
				4EEF3B302C0B6AF3006FEC9D /* Sources */,
				4EEF3B312C0B6AF3006FEC9D /* Frameworks */,
				4EEF3B322C0B6AF3006FEC9D /* Resources */,
			);
			buildRules = (
			);
			dependencies = (
			);
			name = PokerSettler;
			productName = PokerSettler;
			productReference = 4EEF3B342C0B6AF3006FEC9D /* PokerSettler.app */;
			productType = "com.apple.product-type.application";
		};
		4EEF3B432C0B6AF4006FEC9D /* PokerSettlerTests */ = {
			isa = PBXNativeTarget;
			buildConfigurationList = 4EEF3B5B2C0B6AF5006FEC9D /* Build configuration list for PBXNativeTarget "PokerSettlerTests" */;
			buildPhases = (
				4EEF3B402C0B6AF4006FEC9D /* Sources */,
				4EEF3B412C0B6AF4006FEC9D /* Frameworks */,
				4EEF3B422C0B6AF4006FEC9D /* Resources */,
			);
			buildRules = (
			);
			dependencies = (
				4EEF3B462C0B6AF5006FEC9D /* PBXTargetDependency */,
			);
			name = PokerSettlerTests;
			productName = PokerSettlerTests;
			productReference = 4EEF3B442C0B6AF5006FEC9D /* PokerSettlerTests.xctest */;
			productType = "com.apple.product-type.bundle.unit-test";
		};
		4EEF3B4D2C0B6AF5006FEC9D /* PokerSettlerUITests */ = {
			isa = PBXNativeTarget;
			buildConfigurationList = 4EEF3B5E2C0B6AF5006FEC9D /* Build configuration list for PBXNativeTarget "PokerSettlerUITests" */;
			buildPhases = (
				4EEF3B4A2C0B6AF5006FEC9D /* Sources */,
				4EEF3B4B2C0B6AF5006FEC9D /* Frameworks */,
				4EEF3B4C2C0B6AF5006FEC9D /* Resources */,
			);
			buildRules = (
			);
			dependencies = (
				4EEF3B502C0B6AF5006FEC9D /* PBXTargetDependency */,
			);
			name = PokerSettlerUITests;
			productName = PokerSettlerUITests;
			productReference = 4EEF3B4E2C0B6AF5006FEC9D /* PokerSettlerUITests.xctest */;
			productType = "com.apple.product-type.bundle.ui-testing";
		};
/* End PBXNativeTarget section */

/* Begin PBXProject section */
		4EEF3B2C2C0B6AF3006FEC9D /* Project object */ = {
			isa = PBXProject;
			attributes = {
				BuildIndependentTargetsInParallel = 1;
				LastSwiftUpdateCheck = 1540;
				LastUpgradeCheck = 1540;
				TargetAttributes = {
					4EEF3B332C0B6AF3006FEC9D = {
						CreatedOnToolsVersion = 15.4;
					};
					4EEF3B432C0B6AF4006FEC9D = {
						CreatedOnToolsVersion = 15.4;
						TestTargetID = 4EEF3B332C0B6AF3006FEC9D;
					};
					4EEF3B4D2C0B6AF5006FEC9D = {
						CreatedOnToolsVersion = 15.4;
						TestTargetID = 4EEF3B332C0B6AF3006FEC9D;
					};
				};
			};
			buildConfigurationList = 4EEF3B2F2C0B6AF3006FEC9D /* Build configuration list for PBXProject "PokerSettler" */;
			compatibilityVersion = "Xcode 14.0";
			developmentRegion = en;
			hasScannedForEncodings = 0;
			knownRegions = (
				en,
				Base,
			);
			mainGroup = 4EEF3B2B2C0B6AF3006FEC9D;
			productRefGroup = 4EEF3B352C0B6AF3006FEC9D /* Products */;
			projectDirPath = "";
			projectRoot = "";
			targets = (
				4EEF3B332C0B6AF3006FEC9D /* PokerSettler */,
				4EEF3B432C0B6AF4006FEC9D /* PokerSettlerTests */,
				4EEF3B4D2C0B6AF5006FEC9D /* PokerSettlerUITests */,
			);
		};
/* End PBXProject section */

/* Begin PBXResourcesBuildPhase section */
		4EEF3B322C0B6AF3006FEC9D /* Resources */ = {
			isa = PBXResourcesBuildPhase;
			buildActionMask = 2147483647;
			files = (
				4EEF3B3F2C0B6AF4006FEC9D /* Preview Assets.xcassets in Resources */,
				4EEF3B3C2C0B6AF4006FEC9D /* Assets.xcassets in Resources */,
			);
			runOnlyForDeploymentPostprocessing = 0;
		};
		4EEF3B422C0B6AF4006FEC9D /* Resources */ = {
			isa = PBXResourcesBuildPhase;
			buildActionMask = 2147483647;
			files = (
			);
			runOnlyForDeploymentPostprocessing = 0;
		};
		4EEF3B4C2C0B6AF5006FEC9D /* Resources */ = {
			isa = PBXResourcesBuildPhase;
			buildActionMask = 2147483647;
			files = (
			);
			runOnlyForDeploymentPostprocessing = 0;
		};
/* End PBXResourcesBuildPhase section */

/* Begin PBXSourcesBuildPhase section */
		4EEF3B302C0B6AF3006FEC9D /* Sources */ = {
			isa = PBXSourcesBuildPhase;
			buildActionMask = 2147483647;
			files = (
				4EEF3B3A2C0B6AF3006FEC9D /* ContentView.swift in Sources */,
				4EEF3B622C0B724C006FEC9D /* GameSetupView.swift in Sources */,
				4EEF3B682C0B72AE006FEC9D /* SocialSharingView.swift in Sources */,
				4EEF3B6C2C0B72E3006FEC9D /* ChipValue.swift in Sources */,
				4EEF3B642C0B726D006FEC9D /* PlayerManagementView.swift in Sources */,
				4EEF3B6A2C0B72CF006FEC9D /* Player.swift in Sources */,
				4EEF3B662C0B728A006FEC9D /* CalculationView.swift in Sources */,
				4EEF3B382C0B6AF3006FEC9D /* PokerSettlerApp.swift in Sources */,
			);
			runOnlyForDeploymentPostprocessing = 0;
		};
		4EEF3B402C0B6AF4006FEC9D /* Sources */ = {
			isa = PBXSourcesBuildPhase;
			buildActionMask = 2147483647;
			files = (
				4EEF3B492C0B6AF5006FEC9D /* PokerSettlerTests.swift in Sources */,
			);
			runOnlyForDeploymentPostprocessing = 0;
		};
		4EEF3B4A2C0B6AF5006FEC9D /* Sources */ = {
			isa = PBXSourcesBuildPhase;
			buildActionMask = 2147483647;
			files = (
				4EEF3B552C0B6AF5006FEC9D /* PokerSettlerUITestsLaunchTests.swift in Sources */,
				4EEF3B532C0B6AF5006FEC9D /* PokerSettlerUITests.swift in Sources */,
			);
			runOnlyForDeploymentPostprocessing = 0;
		};
/* End PBXSourcesBuildPhase section */

/* Begin PBXTargetDependency section */
		4EEF3B462C0B6AF5006FEC9D /* PBXTargetDependency */ = {
			isa = PBXTargetDependency;
			target = 4EEF3B332C0B6AF3006FEC9D /* PokerSettler */;
			targetProxy = 4EEF3B452C0B6AF5006FEC9D /* PBXContainerItemProxy */;
		};
		4EEF3B502C0B6AF5006FEC9D /* PBXTargetDependency */ = {
			isa = PBXTargetDependency;
			target = 4EEF3B332C0B6AF3006FEC9D /* PokerSettler */;
			targetProxy = 4EEF3B4F2C0B6AF5006FEC9D /* PBXContainerItemProxy */;
		};
/* End PBXTargetDependency section */

/* Begin XCBuildConfiguration section */
		4EEF3B562C0B6AF5006FEC9D /* Debug */ = {
			isa = XCBuildConfiguration;
			buildSettings = {
				ALWAYS_SEARCH_USER_PATHS = NO;
				ASSETCATALOG_COMPILER_GENERATE_SWIFT_ASSET_SYMBOL_EXTENSIONS = YES;
				CLANG_ANALYZER_NONNULL = YES;
				CLANG_ANALYZER_NUMBER_OBJECT_CONVERSION = YES_AGGRESSIVE;
				CLANG_CXX_LANGUAGE_STANDARD = "gnu++20";
				CLANG_ENABLE_MODULES = YES;
				CLANG_ENABLE_OBJC_ARC = YES;
				CLANG_ENABLE_OBJC_WEAK = YES;
				CLANG_WARN_BLOCK_CAPTURE_AUTORELEASING = YES;
				CLANG_WARN_BOOL_CONVERSION = YES;
				CLANG_WARN_COMMA = YES;
				CLANG_WARN_CONSTANT_CONVERSION = YES;
				CLANG_WARN_DEPRECATED_OBJC_IMPLEMENTATIONS = YES;
				CLANG_WARN_DIRECT_OBJC_ISA_USAGE = YES_ERROR;
				CLANG_WARN_DOCUMENTATION_COMMENTS = YES;
				CLANG_WARN_EMPTY_BODY = YES;
				CLANG_WARN_ENUM_CONVERSION = YES;
				CLANG_WARN_INFINITE_RECURSION = YES;
				CLANG_WARN_INT_CONVERSION = YES;
				CLANG_WARN_NON_LITERAL_NULL_CONVERSION = YES;
				CLANG_WARN_OBJC_IMPLICIT_RETAIN_SELF = YES;
				CLANG_WARN_OBJC_LITERAL_CONVERSION = YES;
				CLANG_WARN_OBJC_ROOT_CLASS = YES_ERROR;
				CLANG_WARN_QUOTED_INCLUDE_IN_FRAMEWORK_HEADER = YES;
				CLANG_WARN_RANGE_LOOP_ANALYSIS = YES;
				CLANG_WARN_STRICT_PROTOTYPES = YES;
				CLANG_WARN_SUSPICIOUS_MOVE = YES;
				CLANG_WARN_UNGUARDED_AVAILABILITY = YES_AGGRESSIVE;
				CLANG_WARN_UNREACHABLE_CODE = YES;
				CLANG_WARN__DUPLICATE_METHOD_MATCH = YES;
				COPY_PHASE_STRIP = NO;
				DEBUG_INFORMATION_FORMAT = dwarf;
				ENABLE_STRICT_OBJC_MSGSEND = YES;
				ENABLE_TESTABILITY = YES;
				ENABLE_USER_SCRIPT_SANDBOXING = YES;
				GCC_C_LANGUAGE_STANDARD = gnu17;
				GCC_DYNAMIC_NO_PIC = NO;
				GCC_NO_COMMON_BLOCKS = YES;
				GCC_OPTIMIZATION_LEVEL = 0;
				GCC_PREPROCESSOR_DEFINITIONS = (
					"DEBUG=1",
					"$(inherited)",
				);
				GCC_WARN_64_TO_32_BIT_CONVERSION = YES;
				GCC_WARN_ABOUT_RETURN_TYPE = YES_ERROR;
				GCC_WARN_UNDECLARED_SELECTOR = YES;
				GCC_WARN_UNINITIALIZED_AUTOS = YES_AGGRESSIVE;
				GCC_WARN_UNUSED_FUNCTION = YES;
				GCC_WARN_UNUSED_VARIABLE = YES;
				IPHONEOS_DEPLOYMENT_TARGET = 17.5;
				LOCALIZATION_PREFERS_STRING_CATALOGS = YES;
				MTL_ENABLE_DEBUG_INFO = INCLUDE_SOURCE;
				MTL_FAST_MATH = YES;
				ONLY_ACTIVE_ARCH = YES;
				SDKROOT = iphoneos;
				SWIFT_ACTIVE_COMPILATION_CONDITIONS = "DEBUG $(inherited)";
				SWIFT_OPTIMIZATION_LEVEL = "-Onone";
			};
			name = Debug;
		};
		4EEF3B572C0B6AF5006FEC9D /* Release */ = {
			isa = XCBuildConfiguration;
			buildSettings = {
				ALWAYS_SEARCH_USER_PATHS = NO;
				ASSETCATALOG_COMPILER_GENERATE_SWIFT_ASSET_SYMBOL_EXTENSIONS = YES;
				CLANG_ANALYZER_NONNULL = YES;
				CLANG_ANALYZER_NUMBER_OBJECT_CONVERSION = YES_AGGRESSIVE;
				CLANG_CXX_LANGUAGE_STANDARD = "gnu++20";
				CLANG_ENABLE_MODULES = YES;
				CLANG_ENABLE_OBJC_ARC = YES;
				CLANG_ENABLE_OBJC_WEAK = YES;
				CLANG_WARN_BLOCK_CAPTURE_AUTORELEASING = YES;
				CLANG_WARN_BOOL_CONVERSION = YES;
				CLANG_WARN_COMMA = YES;
				CLANG_WARN_CONSTANT_CONVERSION = YES;
				CLANG_WARN_DEPRECATED_OBJC_IMPLEMENTATIONS = YES;
				CLANG_WARN_DIRECT_OBJC_ISA_USAGE = YES_ERROR;
				CLANG_WARN_DOCUMENTATION_COMMENTS = YES;
				CLANG_WARN_EMPTY_BODY = YES;
				CLANG_WARN_ENUM_CONVERSION = YES;
				CLANG_WARN_INFINITE_RECURSION = YES;
				CLANG_WARN_INT_CONVERSION = YES;
				CLANG_WARN_NON_LITERAL_NULL_CONVERSION = YES;
				CLANG_WARN_OBJC_IMPLICIT_RETAIN_SELF = YES;
				CLANG_WARN_OBJC_LITERAL_CONVERSION = YES;
				CLANG_WARN_OBJC_ROOT_CLASS = YES_ERROR;
				CLANG_WARN_QUOTED_INCLUDE_IN_FRAMEWORK_HEADER = YES;
				CLANG_WARN_RANGE_LOOP_ANALYSIS = YES;
				CLANG_WARN_STRICT_PROTOTYPES = YES;
				CLANG_WARN_SUSPICIOUS_MOVE = YES;
				CLANG_WARN_UNGUARDED_AVAILABILITY = YES_AGGRESSIVE;
				CLANG_WARN_UNREACHABLE_CODE = YES;
				CLANG_WARN__DUPLICATE_METHOD_MATCH = YES;
				COPY_PHASE_STRIP = NO;
				DEBUG_INFORMATION_FORMAT = "dwarf-with-dsym";
				ENABLE_NS_ASSERTIONS = NO;
				ENABLE_STRICT_OBJC_MSGSEND = YES;
				ENABLE_USER_SCRIPT_SANDBOXING = YES;
				GCC_C_LANGUAGE_STANDARD = gnu17;
				GCC_NO_COMMON_BLOCKS = YES;
				GCC_WARN_64_TO_32_BIT_CONVERSION = YES;
				GCC_WARN_ABOUT_RETURN_TYPE = YES_ERROR;
				GCC_WARN_UNDECLARED_SELECTOR = YES;
				GCC_WARN_UNINITIALIZED_AUTOS = YES_AGGRESSIVE;
				GCC_WARN_UNUSED_FUNCTION = YES;
				GCC_WARN_UNUSED_VARIABLE = YES;
				IPHONEOS_DEPLOYMENT_TARGET = 17.5;
				LOCALIZATION_PREFERS_STRING_CATALOGS = YES;
				MTL_ENABLE_DEBUG_INFO = NO;
				MTL_FAST_MATH = YES;
				SDKROOT = iphoneos;
				SWIFT_COMPILATION_MODE = wholemodule;
				VALIDATE_PRODUCT = YES;
			};
			name = Release;
		};
		4EEF3B592C0B6AF5006FEC9D /* Debug */ = {
			isa = XCBuildConfiguration;
			buildSettings = {
				ASSETCATALOG_COMPILER_APPICON_NAME = AppIcon;
				ASSETCATALOG_COMPILER_GLOBAL_ACCENT_COLOR_NAME = AccentColor;
				CODE_SIGN_STYLE = Automatic;
				CURRENT_PROJECT_VERSION = 1;
				DEVELOPMENT_ASSET_PATHS = "\"PokerSettler/Preview Content\"";
				ENABLE_PREVIEWS = YES;
				GENERATE_INFOPLIST_FILE = YES;
				INFOPLIST_KEY_UIApplicationSceneManifest_Generation = YES;
				INFOPLIST_KEY_UIApplicationSupportsIndirectInputEvents = YES;
				INFOPLIST_KEY_UILaunchScreen_Generation = YES;
				INFOPLIST_KEY_UISupportedInterfaceOrientations_iPad = "UIInterfaceOrientationPortrait UIInterfaceOrientationPortraitUpsideDown UIInterfaceOrientationLandscapeLeft UIInterfaceOrientationLandscapeRight";
				INFOPLIST_KEY_UISupportedInterfaceOrientations_iPhone = "UIInterfaceOrientationPortrait UIInterfaceOrientationLandscapeLeft UIInterfaceOrientationLandscapeRight";
				LD_RUNPATH_SEARCH_PATHS = (
					"$(inherited)",
					"@executable_path/Frameworks",
				);
				MARKETING_VERSION = 1.0;
				PRODUCT_BUNDLE_IDENTIFIER = tingting.PokerSettler;
				PRODUCT_NAME = "$(TARGET_NAME)";
				SWIFT_EMIT_LOC_STRINGS = YES;
				SWIFT_VERSION = 5.0;
				TARGETED_DEVICE_FAMILY = "1,2";
			};
			name = Debug;
		};
		4EEF3B5A2C0B6AF5006FEC9D /* Release */ = {
			isa = XCBuildConfiguration;
			buildSettings = {
				ASSETCATALOG_COMPILER_APPICON_NAME = AppIcon;
				ASSETCATALOG_COMPILER_GLOBAL_ACCENT_COLOR_NAME = AccentColor;
				CODE_SIGN_STYLE = Automatic;
				CURRENT_PROJECT_VERSION = 1;
				DEVELOPMENT_ASSET_PATHS = "\"PokerSettler/Preview Content\"";
				ENABLE_PREVIEWS = YES;
				GENERATE_INFOPLIST_FILE = YES;
				INFOPLIST_KEY_UIApplicationSceneManifest_Generation = YES;
				INFOPLIST_KEY_UIApplicationSupportsIndirectInputEvents = YES;
				INFOPLIST_KEY_UILaunchScreen_Generation = YES;
				INFOPLIST_KEY_UISupportedInterfaceOrientations_iPad = "UIInterfaceOrientationPortrait UIInterfaceOrientationPortraitUpsideDown UIInterfaceOrientationLandscapeLeft UIInterfaceOrientationLandscapeRight";
				INFOPLIST_KEY_UISupportedInterfaceOrientations_iPhone = "UIInterfaceOrientationPortrait UIInterfaceOrientationLandscapeLeft UIInterfaceOrientationLandscapeRight";
				LD_RUNPATH_SEARCH_PATHS = (
					"$(inherited)",
					"@executable_path/Frameworks",
				);
				MARKETING_VERSION = 1.0;
				PRODUCT_BUNDLE_IDENTIFIER = tingting.PokerSettler;
				PRODUCT_NAME = "$(TARGET_NAME)";
				SWIFT_EMIT_LOC_STRINGS = YES;
				SWIFT_VERSION = 5.0;
				TARGETED_DEVICE_FAMILY = "1,2";
			};
			name = Release;
		};
		4EEF3B5C2C0B6AF5006FEC9D /* Debug */ = {
			isa = XCBuildConfiguration;
			buildSettings = {
				ALWAYS_EMBED_SWIFT_STANDARD_LIBRARIES = YES;
				BUNDLE_LOADER = "$(TEST_HOST)";
				CODE_SIGN_STYLE = Automatic;
				CURRENT_PROJECT_VERSION = 1;
				GENERATE_INFOPLIST_FILE = YES;
				IPHONEOS_DEPLOYMENT_TARGET = 17.5;
				MARKETING_VERSION = 1.0;
				PRODUCT_BUNDLE_IDENTIFIER = tingting.PokerSettlerTests;
				PRODUCT_NAME = "$(TARGET_NAME)";
				SWIFT_EMIT_LOC_STRINGS = NO;
				SWIFT_VERSION = 5.0;
				TARGETED_DEVICE_FAMILY = "1,2";
				TEST_HOST = "$(BUILT_PRODUCTS_DIR)/PokerSettler.app/$(BUNDLE_EXECUTABLE_FOLDER_PATH)/PokerSettler";
			};
			name = Debug;
		};
		4EEF3B5D2C0B6AF5006FEC9D /* Release */ = {
			isa = XCBuildConfiguration;
			buildSettings = {
				ALWAYS_EMBED_SWIFT_STANDARD_LIBRARIES = YES;
				BUNDLE_LOADER = "$(TEST_HOST)";
				CODE_SIGN_STYLE = Automatic;
				CURRENT_PROJECT_VERSION = 1;
				GENERATE_INFOPLIST_FILE = YES;
				IPHONEOS_DEPLOYMENT_TARGET = 17.5;
				MARKETING_VERSION = 1.0;
				PRODUCT_BUNDLE_IDENTIFIER = tingting.PokerSettlerTests;
				PRODUCT_NAME = "$(TARGET_NAME)";
				SWIFT_EMIT_LOC_STRINGS = NO;
				SWIFT_VERSION = 5.0;
				TARGETED_DEVICE_FAMILY = "1,2";
				TEST_HOST = "$(BUILT_PRODUCTS_DIR)/PokerSettler.app/$(BUNDLE_EXECUTABLE_FOLDER_PATH)/PokerSettler";
			};
			name = Release;
		};
		4EEF3B5F2C0B6AF5006FEC9D /* Debug */ = {
			isa = XCBuildConfiguration;
			buildSettings = {
				ALWAYS_EMBED_SWIFT_STANDARD_LIBRARIES = YES;
				CODE_SIGN_STYLE = Automatic;
				CURRENT_PROJECT_VERSION = 1;
				GENERATE_INFOPLIST_FILE = YES;
				MARKETING_VERSION = 1.0;
				PRODUCT_BUNDLE_IDENTIFIER = tingting.PokerSettlerUITests;
				PRODUCT_NAME = "$(TARGET_NAME)";
				SWIFT_EMIT_LOC_STRINGS = NO;
				SWIFT_VERSION = 5.0;
				TARGETED_DEVICE_FAMILY = "1,2";
				TEST_TARGET_NAME = PokerSettler;
			};
			name = Debug;
		};
		4EEF3B602C0B6AF5006FEC9D /* Release */ = {
			isa = XCBuildConfiguration;
			buildSettings = {
				ALWAYS_EMBED_SWIFT_STANDARD_LIBRARIES = YES;
				CODE_SIGN_STYLE = Automatic;
				CURRENT_PROJECT_VERSION = 1;
				GENERATE_INFOPLIST_FILE = YES;
				MARKETING_VERSION = 1.0;
				PRODUCT_BUNDLE_IDENTIFIER = tingting.PokerSettlerUITests;
				PRODUCT_NAME = "$(TARGET_NAME)";
				SWIFT_EMIT_LOC_STRINGS = NO;
				SWIFT_VERSION = 5.0;
				TARGETED_DEVICE_FAMILY = "1,2";
				TEST_TARGET_NAME = PokerSettler;
			};
			name = Release;
		};
/* End XCBuildConfiguration section */

/* Begin XCConfigurationList section */
		4EEF3B2F2C0B6AF3006FEC9D /* Build configuration list for PBXProject "PokerSettler" */ = {
			isa = XCConfigurationList;
			buildConfigurations = (
				4EEF3B562C0B6AF5006FEC9D /* Debug */,
				4EEF3B572C0B6AF5006FEC9D /* Release */,
			);
			defaultConfigurationIsVisible = 0;
			defaultConfigurationName = Release;
		};
		4EEF3B582C0B6AF5006FEC9D /* Build configuration list for PBXNativeTarget "PokerSettler" */ = {
			isa = XCConfigurationList;
			buildConfigurations = (
				4EEF3B592C0B6AF5006FEC9D /* Debug */,
				4EEF3B5A2C0B6AF5006FEC9D /* Release */,
			);
			defaultConfigurationIsVisible = 0;
			defaultConfigurationName = Release;
		};
		4EEF3B5B2C0B6AF5006FEC9D /* Build configuration list for PBXNativeTarget "PokerSettlerTests" */ = {
			isa = XCConfigurationList;
			buildConfigurations = (
				4EEF3B5C2C0B6AF5006FEC9D /* Debug */,
				4EEF3B5D2C0B6AF5006FEC9D /* Release */,
			);
			defaultConfigurationIsVisible = 0;
			defaultConfigurationName = Release;
		};
		4EEF3B5E2C0B6AF5006FEC9D /* Build configuration list for PBXNativeTarget "PokerSettlerUITests" */ = {
			isa = XCConfigurationList;
			buildConfigurations = (
				4EEF3B5F2C0B6AF5006FEC9D /* Debug */,
				4EEF3B602C0B6AF5006FEC9D /* Release */,
			);
			defaultConfigurationIsVisible = 0;
			defaultConfigurationName = Release;
		};
/* End XCConfigurationList section */
	};
	rootObject = 4EEF3B2C2C0B6AF3006FEC9D /* Project object */;
}
